
Microsoft Visual Studio Solution File, Format Version 12.00
# Visual Studio Version 17
VisualStudioVersion = 17.3.32929.385
MinimumVisualStudioVersion = 10.0.40219.1
Project("{FAE04EC0-301F-11D3-BF4B-00C04F79EFBC}") = "core", "core\core.csproj", "{88013A1D-0DC2-4A86-AC14-9943FCF952E7}"
EndProject
Global
	GlobalSection(SolutionConfigurationPlatforms) = preSolution
		Debug|Any CPU = Debug|Any CPU
		Release|Any CPU = Release|Any CPU
	EndGlobalSection
	GlobalSection(ProjectConfigurationPlatforms) = postSolution
		{88013A1D-0DC2-4A86-AC14-9943FCF952E7}.Debug|Any CPU.ActiveCfg = Debug|Any CPU
		{88013A1D-0DC2-4A86-AC14-9943FCF952E7}.Debug|Any CPU.Build.0 = Debug|Any CPU
		{88013A1D-0DC2-4A86-AC14-9943FCF952E7}.Release|Any CPU.ActiveCfg = Release|Any CPU
		{88013A1D-0DC2-4A86-AC14-9943FCF952E7}.Release|Any CPU.Build.0 = Release|Any CPU
	EndGlobalSection
	GlobalSection(SolutionProperties) = preSolution
		HideSolutionNode = FALSE
	EndGlobalSection
	GlobalSection(ExtensibilityGlobals) = postSolution
		SolutionGuid = {A95AD95C-5CB4-488E-9C8D-E56221218641}
	EndGlobalSection
EndGlobal
